{
  "name": "route-parser",
  "version": "1.0.0",
  "lockfileVersion": 1,
  "requires": true,
  "dependencies": {
    "comment-parser": {
      "version": "1.2.4",
      "resolved": "https://registry.npmjs.org/comment-parser/-/comment-parser-1.2.4.tgz",
      "integrity": "sha512-pm0b+qv+CkWNriSTMsfnjChF9kH0kxz55y44Wo5le9qLxMj5xDQAaEd9ZN1ovSuk9CsrncWaFwgpOMg7ClJwkw=="
    }
  }
}
